<?xml version="1.0" encoding="utf-8"?>
<Project ToolsVersion="4.0" xmlns="http://schemas.microsoft.com/developer/msbuild/2003">
  <ItemGroup>
    <ClCompile Include="ScriptingSystem.cpp">
      <Filter>Source</Filter>
    </ClCompile>
    <ClCompile Include="PhysicEngine.cpp">
      <Filter>Source</Filter>
    </ClCompile>
    <ClCompile Include="main.cpp">
      <Filter>Source</Filter>
    </ClCompile>
    <ClCompile Include="GameObjectManager.cpp">
      <Filter>Source</Filter>
    </ClCompile>
    <ClCompile Include="GameObject.cpp">
      <Filter>Source</Filter>
    </ClCompile>
    <ClCompile Include="FireSpear.cpp">
      <Filter>Source</Filter>
    </ClCompile>
    <ClCompile Include="AudioPlayerComponent.cpp">
      <Filter>Source\Components</Filter>
    </ClCompile>
    <ClCompile Include="RenderComponent.cpp">
      <Filter>Source\Components</Filter>
    </ClCompile>
    <ClCompile Include="ScriptComponent.cpp">
      <Filter>Source\Components</Filter>
    </ClCompile>
    <ClCompile Include="RigidbodyComponent.cpp">
      <Filter>Source\Components</Filter>
    </ClCompile>
    <ClCompile Include="TransformComponent.cpp">
      <Filter>Source\Components</Filter>
    </ClCompile>
    <ClCompile Include="Event.cpp">
      <Filter>Source\Events</Filter>
    </ClCompile>
    <ClCompile Include="EventManager.cpp">
      <Filter>Source\Events</Filter>
    </ClCompile>
    <ClCompile Include="EventManagerImplement.cpp">
      <Filter>Source\Events</Filter>
    </ClCompile>
    <ClCompile Include="InputSystem.cpp">
      <Filter>Source</Filter>
    </ClCompile>
    <ClCompile Include="tinyxml2.cpp">
      <Filter>Source\External</Filter>
    </ClCompile>
    <ClCompile Include="XMLReader.cpp">
      <Filter>Source\External</Filter>
    </ClCompile>
    <ClCompile Include="SceneManager.cpp">
      <Filter>Source</Filter>
    </ClCompile>
    <ClCompile Include="LevelEditor.cpp">
      <Filter>Source</Filter>
    </ClCompile>
  </ItemGroup>
  <ItemGroup>
    <ClInclude Include="FireSpear.h">
      <Filter>Headers</Filter>
    </ClInclude>
    <ClInclude Include="GameObject.h">
      <Filter>Headers</Filter>
    </ClInclude>
    <ClInclude Include="GameObjectManager.h">
      <Filter>Headers</Filter>
    </ClInclude>
    <ClInclude Include="PhysicEngine.h">
      <Filter>Headers</Filter>
    </ClInclude>
    <ClInclude Include="ScriptingSystem.h">
      <Filter>Headers</Filter>
    </ClInclude>
    <ClInclude Include="BaseComponent.h">
      <Filter>Headers\Components</Filter>
    </ClInclude>
    <ClInclude Include="AudioPlayerComponent.h">
      <Filter>Headers\Components</Filter>
    </ClInclude>
    <ClInclude Include="RenderComponent.h">
      <Filter>Headers\Components</Filter>
    </ClInclude>
    <ClInclude Include="RigidbodyComponent.h">
      <Filter>Headers\Components</Filter>
    </ClInclude>
    <ClInclude Include="ScriptComponent.h">
      <Filter>Headers\Components</Filter>
    </ClInclude>
    <ClInclude Include="TransformComponent.h">
      <Filter>Headers\Components</Filter>
    </ClInclude>
    <ClInclude Include="IEventData.h">
      <Filter>Headers\Event</Filter>
    </ClInclude>
    <ClInclude Include="FastDelegate.h">
      <Filter>Headers\Event</Filter>
    </ClInclude>
    <ClInclude Include="EventManagerImplement.h">
      <Filter>Headers\Event</Filter>
    </ClInclude>
    <ClInclude Include="EventManager.h">
      <Filter>Headers\Event</Filter>
    </ClInclude>
    <ClInclude Include="Event.h">
      <Filter>Headers\Event</Filter>
    </ClInclude>
    <ClInclude Include="FastDelegateBind.h">
      <Filter>Headers\Event</Filter>
    </ClInclude>
    <ClInclude Include="InputSystem.h">
      <Filter>Headers</Filter>
    </ClInclude>
    <ClInclude Include="tinyxml2.h">
      <Filter>Headers\External</Filter>
    </ClInclude>
    <ClInclude Include="XMLReader.h">
      <Filter>Headers\External</Filter>
    </ClInclude>
    <ClInclude Include="SceneManager.h">
      <Filter>Headers</Filter>
    </ClInclude>
    <ClInclude Include="LevelEditor.h">
      <Filter>Headers</Filter>
    </ClInclude>
  </ItemGroup>
  <ItemGroup>
    <Filter Include="Source">
      <UniqueIdentifier>{c7f0e2c3-7d4a-4fac-9b19-e177dcec3ee2}</UniqueIdentifier>
    </Filter>
    <Filter Include="Headers">
      <UniqueIdentifier>{a4aa3e50-b418-4ba3-a770-e71d4b16578e}</UniqueIdentifier>
    </Filter>
    <Filter Include="Lua Scripts">
      <UniqueIdentifier>{06b7b3a0-c883-434e-859d-43a3e5ad0397}</UniqueIdentifier>
    </Filter>
    <Filter Include="Source\Components">
      <UniqueIdentifier>{25a5bb86-715e-449b-bfd3-c31bf002399a}</UniqueIdentifier>
    </Filter>
    <Filter Include="Headers\Event">
      <UniqueIdentifier>{66ac3e8a-2e98-4d54-935b-26c161f75fdc}</UniqueIdentifier>
    </Filter>
    <Filter Include="Headers\Components">
      <UniqueIdentifier>{b111bc20-8c7b-494b-9a84-d47972623d67}</UniqueIdentifier>
    </Filter>
    <Filter Include="Source\Events">
      <UniqueIdentifier>{a98f78e7-e0e7-40a1-bd89-501ef47239df}</UniqueIdentifier>
    </Filter>
    <Filter Include="Source\External">
      <UniqueIdentifier>{10cd618d-b726-4002-9f8b-3246d5ebe06b}</UniqueIdentifier>
    </Filter>
    <Filter Include="Headers\External">
      <UniqueIdentifier>{2704672b-bb6d-4500-9608-55f139bd172d}</UniqueIdentifier>
    </Filter>
    <Filter Include="XML Scenes">
      <UniqueIdentifier>{57168ad3-b621-4196-a935-31771aaf63ad}</UniqueIdentifier>
    </Filter>
  </ItemGroup>
  <ItemGroup>
    <Xml Include="Scenes.xml">
      <Filter>XML Scenes</Filter>
    </Xml>
    <Xml Include="..\..\..\Assets\Scenes\Scene1.xml">
      <Filter>XML Scenes</Filter>
    </Xml>
    <Xml Include="..\..\..\Assets\Scenes\Scene2.xml">
      <Filter>XML Scenes</Filter>
    </Xml>
  </ItemGroup>
  <ItemGroup>
    <None Include="..\..\..\Assets\Scripts\earth.lua">
      <Filter>Lua Scripts</Filter>
    </None>
    <None Include="..\..\..\Assets\Scripts\inputTest.lua">
      <Filter>Lua Scripts</Filter>
    </None>
    <None Include="..\..\..\Assets\Scripts\mars.lua">
      <Filter>Lua Scripts</Filter>
    </None>
  </ItemGroup>
</Project>