
Microsoft Visual Studio Solution File, Format Version 12.00
# Visual Studio 15
VisualStudioVersion = 15.0.28010.2046
MinimumVisualStudioVersion = 10.0.40219.1
Project("{8BC9CEB8-8B4A-11D0-8D11-00A0C91BC942}") = "FireSpearEngine", "FireSpearEngine\FireSpearEngine.vcxproj", "{B0296303-06BD-4E57-B36F-35CE8488229F}"
EndProject
Global
	GlobalSection(SolutionConfigurationPlatforms) = preSolution
		Debug|x64 = Debug|x64
		Debug|x86 = Debug|x86
		Release|x64 = Release|x64
		Release|x86 = Release|x86
	EndGlobalSection
	GlobalSection(ProjectConfigurationPlatforms) = postSolution
		{B0296303-06BD-4E57-B36F-35CE8488229F}.Debug|x64.ActiveCfg = Debug|x64
		{B0296303-06BD-4E57-B36F-35CE8488229F}.Debug|x64.Build.0 = Debug|x64
		{B0296303-06BD-4E57-B36F-35CE8488229F}.Debug|x86.ActiveCfg = Debug|Win32
		{B0296303-06BD-4E57-B36F-35CE8488229F}.Debug|x86.Build.0 = Debug|Win32
		{B0296303-06BD-4E57-B36F-35CE8488229F}.Release|x64.ActiveCfg = Release|x64
		{B0296303-06BD-4E57-B36F-35CE8488229F}.Release|x64.Build.0 = Release|x64
		{B0296303-06BD-4E57-B36F-35CE8488229F}.Release|x86.ActiveCfg = Release|Win32
		{B0296303-06BD-4E57-B36F-35CE8488229F}.Release|x86.Build.0 = Release|Win32
	EndGlobalSection
	GlobalSection(SolutionProperties) = preSolution
		HideSolutionNode = FALSE
	EndGlobalSection
	GlobalSection(ExtensibilityGlobals) = postSolution
		SolutionGuid = {BB820AF2-F2C0-4CEB-9E74-C5FE34E47958}
	EndGlobalSection
EndGlobal
